
Microsoft Visual Studio Solution File, Format Version 12.00
# Visual Studio Version 16
VisualStudioVersion = 16.0.31613.86
MinimumVisualStudioVersion = 10.0.40219.1
Project("{FAE04EC0-301F-11D3-BF4B-00C04F79EFBC}") = "SubscriptionJournals", "SubscriptionJournals\SubscriptionJournals.csproj", "{771DF7B1-6D0A-4A34-9A75-EA562AC2508A}"
EndProject
Global
	GlobalSection(SolutionConfigurationPlatforms) = preSolution
		Debug|Any CPU = Debug|Any CPU
		Release|Any CPU = Release|Any CPU
	EndGlobalSection
	GlobalSection(ProjectConfigurationPlatforms) = postSolution
		{771DF7B1-6D0A-4A34-9A75-EA562AC2508A}.Debug|Any CPU.ActiveCfg = Debug|Any CPU
		{771DF7B1-6D0A-4A34-9A75-EA562AC2508A}.Debug|Any CPU.Build.0 = Debug|Any CPU
		{771DF7B1-6D0A-4A34-9A75-EA562AC2508A}.Release|Any CPU.ActiveCfg = Release|Any CPU
		{771DF7B1-6D0A-4A34-9A75-EA562AC2508A}.Release|Any CPU.Build.0 = Release|Any CPU
	EndGlobalSection
	GlobalSection(SolutionProperties) = preSolution
		HideSolutionNode = FALSE
	EndGlobalSection
	GlobalSection(ExtensibilityGlobals) = postSolution
		SolutionGuid = {7ABCD21E-291A-4237-81D9-87E2186D6D8A}
	EndGlobalSection
EndGlobal
